
Microsoft Visual Studio Solution File, Format Version 12.00
# Visual Studio 2012
Project("{FAE04EC0-301F-11D3-BF4B-00C04F79EFBC}") = "AltBeaconLibrarySample", "AltBeaconLibrarySample\AltBeaconLibrarySample.csproj", "{0137C376-3D13-4BB5-AAC1-CFA6477F418C}"
EndProject
Project("{FAE04EC0-301F-11D3-BF4B-00C04F79EFBC}") = "AltBeaconLibrarySample.Droid", "Droid\AltBeaconLibrarySample.Droid.csproj", "{F756293D-AC99-468C-A6BB-728B8AA43F86}"
EndProject
Global
	GlobalSection(SolutionConfigurationPlatforms) = preSolution
		Debug|Any CPU = Debug|Any CPU
		Release|Any CPU = Release|Any CPU
	EndGlobalSection
	GlobalSection(ProjectConfigurationPlatforms) = postSolution
		{0137C376-3D13-4BB5-AAC1-CFA6477F418C}.Debug|Any CPU.ActiveCfg = Debug|Any CPU
		{0137C376-3D13-4BB5-AAC1-CFA6477F418C}.Debug|Any CPU.Build.0 = Debug|Any CPU
		{0137C376-3D13-4BB5-AAC1-CFA6477F418C}.Release|Any CPU.ActiveCfg = Release|Any CPU
		{0137C376-3D13-4BB5-AAC1-CFA6477F418C}.Release|Any CPU.Build.0 = Release|Any CPU
		{F756293D-AC99-468C-A6BB-728B8AA43F86}.Debug|Any CPU.ActiveCfg = Debug|Any CPU
		{F756293D-AC99-468C-A6BB-728B8AA43F86}.Debug|Any CPU.Build.0 = Debug|Any CPU
		{F756293D-AC99-468C-A6BB-728B8AA43F86}.Release|Any CPU.ActiveCfg = Release|Any CPU
		{F756293D-AC99-468C-A6BB-728B8AA43F86}.Release|Any CPU.Build.0 = Release|Any CPU
	EndGlobalSection
EndGlobal
